
Microsoft Visual Studio Solution File, Format Version 12.00
# Visual Studio 15
VisualStudioVersion = 15.0.27130.2027
MinimumVisualStudioVersion = 10.0.40219.1
Project("{9A19103F-16F7-4668-BE54-9A1E7A4F7556}") = "Frontend", "Frontend\Frontend.csproj", "{FB5BA2A8-0027-48F1-BC4B-530B348DFC19}"
EndProject
Project("{FAE04EC0-301F-11D3-BF4B-00C04F79EFBC}") = "FrontEndTestProject", "FrontEndTestProject\FrontEndTestProject.csproj", "{EC71674E-EBB6-4266-B1FC-113A2532AA45}"
EndProject
Global
	GlobalSection(SolutionConfigurationPlatforms) = preSolution
		Debug|Any CPU = Debug|Any CPU
		Release|Any CPU = Release|Any CPU
	EndGlobalSection
	GlobalSection(ProjectConfigurationPlatforms) = postSolution
		{FB5BA2A8-0027-48F1-BC4B-530B348DFC19}.Debug|Any CPU.ActiveCfg = Debug|Any CPU
		{FB5BA2A8-0027-48F1-BC4B-530B348DFC19}.Debug|Any CPU.Build.0 = Debug|Any CPU
		{FB5BA2A8-0027-48F1-BC4B-530B348DFC19}.Release|Any CPU.ActiveCfg = Release|Any CPU
		{FB5BA2A8-0027-48F1-BC4B-530B348DFC19}.Release|Any CPU.Build.0 = Release|Any CPU
		{EC71674E-EBB6-4266-B1FC-113A2532AA45}.Debug|Any CPU.ActiveCfg = Debug|Any CPU
		{EC71674E-EBB6-4266-B1FC-113A2532AA45}.Debug|Any CPU.Build.0 = Debug|Any CPU
		{EC71674E-EBB6-4266-B1FC-113A2532AA45}.Release|Any CPU.ActiveCfg = Release|Any CPU
		{EC71674E-EBB6-4266-B1FC-113A2532AA45}.Release|Any CPU.Build.0 = Release|Any CPU
	EndGlobalSection
	GlobalSection(SolutionProperties) = preSolution
		HideSolutionNode = FALSE
	EndGlobalSection
	GlobalSection(ExtensibilityGlobals) = postSolution
		SolutionGuid = {8EE4BBDF-C8A7-484A-9014-59C5F9CD9136}
	EndGlobalSection
EndGlobal
