
Microsoft Visual Studio Solution File, Format Version 12.00
# Visual Studio 15
VisualStudioVersion = 15.0.27130.2027
MinimumVisualStudioVersion = 10.0.40219.1
Project("{FAE04EC0-301F-11D3-BF4B-00C04F79EFBC}") = "Counter", "Counter\Counter.csproj", "{B0CBAD20-574C-48AE-9E9A-D8525BB0465D}"
EndProject
Global
	GlobalSection(SolutionConfigurationPlatforms) = preSolution
		Debug|Any CPU = Debug|Any CPU
		Release|Any CPU = Release|Any CPU
	EndGlobalSection
	GlobalSection(ProjectConfigurationPlatforms) = postSolution
		{B0CBAD20-574C-48AE-9E9A-D8525BB0465D}.Debug|Any CPU.ActiveCfg = Debug|Any CPU
		{B0CBAD20-574C-48AE-9E9A-D8525BB0465D}.Debug|Any CPU.Build.0 = Debug|Any CPU
		{B0CBAD20-574C-48AE-9E9A-D8525BB0465D}.Release|Any CPU.ActiveCfg = Release|Any CPU
		{B0CBAD20-574C-48AE-9E9A-D8525BB0465D}.Release|Any CPU.Build.0 = Release|Any CPU
	EndGlobalSection
	GlobalSection(SolutionProperties) = preSolution
		HideSolutionNode = FALSE
	EndGlobalSection
	GlobalSection(ExtensibilityGlobals) = postSolution
		SolutionGuid = {7869382F-8FA0-41E0-BB1B-63139351CE23}
	EndGlobalSection
EndGlobal
