
Microsoft Visual Studio Solution File, Format Version 12.00
# Visual Studio 15
VisualStudioVersion = 15.0.27130.2027
MinimumVisualStudioVersion = 10.0.40219.1
Project("{9A19103F-16F7-4668-BE54-9A1E7A4F7556}") = "TodoAppVol3", "TodoAppVol3\TodoAppVol3.csproj", "{A36F2223-51FD-4084-A65A-CB06E369C50E}"
EndProject
Global
	GlobalSection(SolutionConfigurationPlatforms) = preSolution
		Debug|Any CPU = Debug|Any CPU
		Release|Any CPU = Release|Any CPU
	EndGlobalSection
	GlobalSection(ProjectConfigurationPlatforms) = postSolution
		{A36F2223-51FD-4084-A65A-CB06E369C50E}.Debug|Any CPU.ActiveCfg = Debug|Any CPU
		{A36F2223-51FD-4084-A65A-CB06E369C50E}.Debug|Any CPU.Build.0 = Debug|Any CPU
		{A36F2223-51FD-4084-A65A-CB06E369C50E}.Release|Any CPU.ActiveCfg = Release|Any CPU
		{A36F2223-51FD-4084-A65A-CB06E369C50E}.Release|Any CPU.Build.0 = Release|Any CPU
	EndGlobalSection
	GlobalSection(SolutionProperties) = preSolution
		HideSolutionNode = FALSE
	EndGlobalSection
	GlobalSection(ExtensibilityGlobals) = postSolution
		SolutionGuid = {F8C14B66-1DAA-4F84-A55E-0D1849DA564B}
	EndGlobalSection
EndGlobal
